{
  "nodes": {
    "flake-utils": {
      "locked": {
        "lastModified": 1659877975,
        "narHash": "sha256-zllb8aq3YO3h8B/U0/J1WBgAL8EX5yWf5pMj3G0NAmc=",
        "owner": "numtide",
        "repo": "flake-utils",
        "rev": "c0e246b9b83f637f4681389ecabcb2681b4f3af0",
        "type": "github"
      },
      "original": {
        "owner": "numtide",
        "repo": "flake-utils",
        "type": "github"
      }
    },
    "nixpkgs": {
      "locked": {
        "lastModified": 1662464342,
        "narHash": "sha256-ejO1ZMKc0UXHAVNc5vaCbK6Yy3JOEKvwPAOZGQsdp+c=",
        "owner": "nixos",
        "repo": "nixpkgs",
        "rev": "d219ba6f9908c0f253e6b2a4fc8d2b07e2a806b2",
        "type": "github"
      },
      "original": {
        "owner": "nixos",
        "repo": "nixpkgs",
        "type": "github"
      }
    },
    "pwndbg-repo": {
      "flake": false,
      "locked": {
        "lastModified": 1662458270,
        "narHash": "sha256-3QqXflRf6NAROB2MCLqzAcJJhw1/ld3PoBWSN4lDyTE=",
        "owner": "pwndbg",
        "repo": "pwndbg",
        "rev": "869366bbf7f38adb39b4a63838786011c6739b9c",
        "type": "github"
      },
      "original": {
        "owner": "pwndbg",
        "repo": "pwndbg",
        "type": "github"
      }
    },
    "root": {
      "inputs": {
        "flake-utils": "flake-utils",
        "nixpkgs": "nixpkgs",
        "pwndbg-repo": "pwndbg-repo"
      }
    }
  },
  "root": "root",
  "version": 7
}
