{
  "nodes": {
    "flake-utils": {
      "locked": {
        "lastModified": 1667395993,
        "narHash": "sha256-nuEHfE/LcWyuSWnS8t12N1wc105Qtau+/OdUAjtQ0rA=",
        "owner": "numtide",
        "repo": "flake-utils",
        "rev": "5aed5285a952e0b949eb3ba02c12fa4fcfef535f",
        "type": "github"
      },
      "original": {
        "owner": "numtide",
        "repo": "flake-utils",
        "type": "github"
      }
    },
    "nixpkgs": {
      "locked": {
        "lastModified": 1668189259,
        "narHash": "sha256-maIvxr/SWl3CaxivNKdJsh/fRHzODVHo3pqaaMJMmic=",
        "owner": "nixos",
        "repo": "nixpkgs",
        "rev": "740824fd6435ae70afae56f97dd0eae534feced1",
        "type": "github"
      },
      "original": {
        "owner": "nixos",
        "repo": "nixpkgs",
        "type": "github"
      }
    },
    "pwndbg-repo": {
      "flake": false,
      "locked": {
        "lastModified": 1668183979,
        "narHash": "sha256-rPCTSVod7SH3yzXAAhaddQmFUAjd5edFwinJ9aZVVRk=",
        "owner": "pwndbg",
        "repo": "pwndbg",
        "rev": "12e8ad8bb15bf7bedc19837cf69cb3e4295dad2b",
        "type": "github"
      },
      "original": {
        "owner": "pwndbg",
        "repo": "pwndbg",
        "type": "github"
      }
    },
    "root": {
      "inputs": {
        "flake-utils": "flake-utils",
        "nixpkgs": "nixpkgs",
        "pwndbg-repo": "pwndbg-repo"
      }
    }
  },
  "root": "root",
  "version": 7
}
